
Microsoft Visual Studio Solution File, Format Version 12.00
# Visual Studio Version 17
VisualStudioVersion = 17.3.32922.545
MinimumVisualStudioVersion = 10.0.40219.1
Project("{9A19103F-16F7-4668-BE54-9A1E7A4F7556}") = "1-OlaMundo", "1-OlaMundo\1-OlaMundo.csproj", "{94F32940-98B1-4F90-8DD4-A76C632D32AB}"
EndProject
Project("{9A19103F-16F7-4668-BE54-9A1E7A4F7556}") = "2-CriandoVariaveis", "2-CriandoVariaveis\2-CriandoVariaveis.csproj", "{ADB1DF8E-E4F4-43EA-9446-ABB2FBB0E72C}"
EndProject
Project("{9A19103F-16F7-4668-BE54-9A1E7A4F7556}") = "3-CriandoVariaveisPontoFlutuante", "3-CriandoVariaveisPontoFlutuante\3-CriandoVariaveisPontoFlutuante.csproj", "{639F5307-4B92-458D-A495-9EFFA7F333F0}"
EndProject
Project("{9A19103F-16F7-4668-BE54-9A1E7A4F7556}") = "4-ConversoesEOutrosTipos", "4-ConversoesEOutrosTipos\4-ConversoesEOutrosTipos.csproj", "{8108B3C2-9A10-4B2C-8C20-A8CD7A880FC2}"
EndProject
Project("{9A19103F-16F7-4668-BE54-9A1E7A4F7556}") = "5-CaracteresETextos", "5-CaracteresETextos\5-CaracteresETextos.csproj", "{D898DBCE-7096-4190-B649-E9540C401DC1}"
EndProject
Project("{9A19103F-16F7-4668-BE54-9A1E7A4F7556}") = "6-AtribuicoesDeVariaveis", "6-AtribuicoesDeVariaveis\6-AtribuicoesDeVariaveis.csproj", "{2C41B4AC-C9CF-45A6-A427-231BFC4770F0}"
EndProject
Project("{9A19103F-16F7-4668-BE54-9A1E7A4F7556}") = "7-Condicionais", "7-Condicionais\7-Condicionais.csproj", "{C5E28A2C-E3B4-4100-821D-9EBA51103626}"
EndProject
Project("{9A19103F-16F7-4668-BE54-9A1E7A4F7556}") = "8-Condicionais2", "8-Condicionais\8-Condicionais2.csproj", "{E62A4B6D-DB70-4461-94D8-1EA881717C4A}"
EndProject
Project("{9A19103F-16F7-4668-BE54-9A1E7A4F7556}") = "9-Escopo", "9-Escopo\9-Escopo.csproj", "{3FDAC830-241B-4247-A90F-4F9C35478A16}"
EndProject
Project("{9A19103F-16F7-4668-BE54-9A1E7A4F7556}") = "AprendendoCSharp-Desafio", "AprendendoCSharp-Desfio\AprendendoCSharp-Desafio.csproj", "{E6A0410C-6E2D-416E-AC35-D40F846F2E8C}"
EndProject
Project("{9A19103F-16F7-4668-BE54-9A1E7A4F7556}") = "P10-CalculaPoupanca", "P10-CalculaPoupanca\P10-CalculaPoupanca.csproj", "{22A1E139-B297-48BD-8DDC-3858E00404BE}"
EndProject
Project("{9A19103F-16F7-4668-BE54-9A1E7A4F7556}") = "P11-CalculaPoupanca2", "P11-CalculaPoupanca2\P11-CalculaPoupanca2.csproj", "{BD27E12F-619F-4F50-9224-0310E1FCEEEB}"
EndProject
Project("{FAE04EC0-301F-11D3-BF4B-00C04F79EFBC}") = "P12-InvestimentoALongoPrazo", "P12-InvestimentoALongoPrazo\P12-InvestimentoALongoPrazo.csproj", "{19781B4F-FB18-4781-A469-A8E6C3A9838C}"
EndProject
Project("{FAE04EC0-301F-11D3-BF4B-00C04F79EFBC}") = "P13-EncadeandoFor", "P13-EncadeandoFor\P13-EncadeandoFor.csproj", "{A83B5C15-1457-4B1C-BEF8-4BF7210F2FA4}"
EndProject
Project("{FAE04EC0-301F-11D3-BF4B-00C04F79EFBC}") = "ExercitandoForEBreak", "ExercitandoForEBreak\ExercitandoForEBreak.csproj", "{AC0B54A1-6848-4520-B237-FCAA7E2F9AE8}"
EndProject
Project("{FAE04EC0-301F-11D3-BF4B-00C04F79EFBC}") = "DesafioMultiplosDe3", "DesafioMultiplosDe3\DesafioMultiplosDe3.csproj", "{708C8790-4DD2-47D5-A012-10AA00D69517}"
EndProject
Project("{FAE04EC0-301F-11D3-BF4B-00C04F79EFBC}") = "DesafioFatorial", "DesafioFatorial\DesafioFatorial.csproj", "{22495F39-CF20-4CC3-8A9D-0F52A038C8AD}"
EndProject
Global
	GlobalSection(SolutionConfigurationPlatforms) = preSolution
		Debug|Any CPU = Debug|Any CPU
		Release|Any CPU = Release|Any CPU
	EndGlobalSection
	GlobalSection(ProjectConfigurationPlatforms) = postSolution
		{94F32940-98B1-4F90-8DD4-A76C632D32AB}.Debug|Any CPU.ActiveCfg = Debug|Any CPU
		{94F32940-98B1-4F90-8DD4-A76C632D32AB}.Debug|Any CPU.Build.0 = Debug|Any CPU
		{94F32940-98B1-4F90-8DD4-A76C632D32AB}.Release|Any CPU.ActiveCfg = Release|Any CPU
		{94F32940-98B1-4F90-8DD4-A76C632D32AB}.Release|Any CPU.Build.0 = Release|Any CPU
		{ADB1DF8E-E4F4-43EA-9446-ABB2FBB0E72C}.Debug|Any CPU.ActiveCfg = Debug|Any CPU
		{ADB1DF8E-E4F4-43EA-9446-ABB2FBB0E72C}.Debug|Any CPU.Build.0 = Debug|Any CPU
		{ADB1DF8E-E4F4-43EA-9446-ABB2FBB0E72C}.Release|Any CPU.ActiveCfg = Release|Any CPU
		{ADB1DF8E-E4F4-43EA-9446-ABB2FBB0E72C}.Release|Any CPU.Build.0 = Release|Any CPU
		{639F5307-4B92-458D-A495-9EFFA7F333F0}.Debug|Any CPU.ActiveCfg = Debug|Any CPU
		{639F5307-4B92-458D-A495-9EFFA7F333F0}.Debug|Any CPU.Build.0 = Debug|Any CPU
		{639F5307-4B92-458D-A495-9EFFA7F333F0}.Release|Any CPU.ActiveCfg = Release|Any CPU
		{639F5307-4B92-458D-A495-9EFFA7F333F0}.Release|Any CPU.Build.0 = Release|Any CPU
		{8108B3C2-9A10-4B2C-8C20-A8CD7A880FC2}.Debug|Any CPU.ActiveCfg = Debug|Any CPU
		{8108B3C2-9A10-4B2C-8C20-A8CD7A880FC2}.Debug|Any CPU.Build.0 = Debug|Any CPU
		{8108B3C2-9A10-4B2C-8C20-A8CD7A880FC2}.Release|Any CPU.ActiveCfg = Release|Any CPU
		{8108B3C2-9A10-4B2C-8C20-A8CD7A880FC2}.Release|Any CPU.Build.0 = Release|Any CPU
		{D898DBCE-7096-4190-B649-E9540C401DC1}.Debug|Any CPU.ActiveCfg = Debug|Any CPU
		{D898DBCE-7096-4190-B649-E9540C401DC1}.Debug|Any CPU.Build.0 = Debug|Any CPU
		{D898DBCE-7096-4190-B649-E9540C401DC1}.Release|Any CPU.ActiveCfg = Release|Any CPU
		{D898DBCE-7096-4190-B649-E9540C401DC1}.Release|Any CPU.Build.0 = Release|Any CPU
		{2C41B4AC-C9CF-45A6-A427-231BFC4770F0}.Debug|Any CPU.ActiveCfg = Debug|Any CPU
		{2C41B4AC-C9CF-45A6-A427-231BFC4770F0}.Debug|Any CPU.Build.0 = Debug|Any CPU
		{2C41B4AC-C9CF-45A6-A427-231BFC4770F0}.Release|Any CPU.ActiveCfg = Release|Any CPU
		{2C41B4AC-C9CF-45A6-A427-231BFC4770F0}.Release|Any CPU.Build.0 = Release|Any CPU
		{C5E28A2C-E3B4-4100-821D-9EBA51103626}.Debug|Any CPU.ActiveCfg = Debug|Any CPU
		{C5E28A2C-E3B4-4100-821D-9EBA51103626}.Debug|Any CPU.Build.0 = Debug|Any CPU
		{C5E28A2C-E3B4-4100-821D-9EBA51103626}.Release|Any CPU.ActiveCfg = Release|Any CPU
		{C5E28A2C-E3B4-4100-821D-9EBA51103626}.Release|Any CPU.Build.0 = Release|Any CPU
		{E62A4B6D-DB70-4461-94D8-1EA881717C4A}.Debug|Any CPU.ActiveCfg = Debug|Any CPU
		{E62A4B6D-DB70-4461-94D8-1EA881717C4A}.Debug|Any CPU.Build.0 = Debug|Any CPU
		{E62A4B6D-DB70-4461-94D8-1EA881717C4A}.Release|Any CPU.ActiveCfg = Release|Any CPU
		{E62A4B6D-DB70-4461-94D8-1EA881717C4A}.Release|Any CPU.Build.0 = Release|Any CPU
		{3FDAC830-241B-4247-A90F-4F9C35478A16}.Debug|Any CPU.ActiveCfg = Debug|Any CPU
		{3FDAC830-241B-4247-A90F-4F9C35478A16}.Debug|Any CPU.Build.0 = Debug|Any CPU
		{3FDAC830-241B-4247-A90F-4F9C35478A16}.Release|Any CPU.ActiveCfg = Release|Any CPU
		{3FDAC830-241B-4247-A90F-4F9C35478A16}.Release|Any CPU.Build.0 = Release|Any CPU
		{E6A0410C-6E2D-416E-AC35-D40F846F2E8C}.Debug|Any CPU.ActiveCfg = Debug|Any CPU
		{E6A0410C-6E2D-416E-AC35-D40F846F2E8C}.Debug|Any CPU.Build.0 = Debug|Any CPU
		{E6A0410C-6E2D-416E-AC35-D40F846F2E8C}.Release|Any CPU.ActiveCfg = Release|Any CPU
		{E6A0410C-6E2D-416E-AC35-D40F846F2E8C}.Release|Any CPU.Build.0 = Release|Any CPU
		{22A1E139-B297-48BD-8DDC-3858E00404BE}.Debug|Any CPU.ActiveCfg = Debug|Any CPU
		{22A1E139-B297-48BD-8DDC-3858E00404BE}.Debug|Any CPU.Build.0 = Debug|Any CPU
		{22A1E139-B297-48BD-8DDC-3858E00404BE}.Release|Any CPU.ActiveCfg = Release|Any CPU
		{22A1E139-B297-48BD-8DDC-3858E00404BE}.Release|Any CPU.Build.0 = Release|Any CPU
		{BD27E12F-619F-4F50-9224-0310E1FCEEEB}.Debug|Any CPU.ActiveCfg = Debug|Any CPU
		{BD27E12F-619F-4F50-9224-0310E1FCEEEB}.Debug|Any CPU.Build.0 = Debug|Any CPU
		{BD27E12F-619F-4F50-9224-0310E1FCEEEB}.Release|Any CPU.ActiveCfg = Release|Any CPU
		{BD27E12F-619F-4F50-9224-0310E1FCEEEB}.Release|Any CPU.Build.0 = Release|Any CPU
		{19781B4F-FB18-4781-A469-A8E6C3A9838C}.Debug|Any CPU.ActiveCfg = Debug|Any CPU
		{19781B4F-FB18-4781-A469-A8E6C3A9838C}.Debug|Any CPU.Build.0 = Debug|Any CPU
		{19781B4F-FB18-4781-A469-A8E6C3A9838C}.Release|Any CPU.ActiveCfg = Release|Any CPU
		{19781B4F-FB18-4781-A469-A8E6C3A9838C}.Release|Any CPU.Build.0 = Release|Any CPU
		{A83B5C15-1457-4B1C-BEF8-4BF7210F2FA4}.Debug|Any CPU.ActiveCfg = Debug|Any CPU
		{A83B5C15-1457-4B1C-BEF8-4BF7210F2FA4}.Debug|Any CPU.Build.0 = Debug|Any CPU
		{A83B5C15-1457-4B1C-BEF8-4BF7210F2FA4}.Release|Any CPU.ActiveCfg = Release|Any CPU
		{A83B5C15-1457-4B1C-BEF8-4BF7210F2FA4}.Release|Any CPU.Build.0 = Release|Any CPU
		{AC0B54A1-6848-4520-B237-FCAA7E2F9AE8}.Debug|Any CPU.ActiveCfg = Debug|Any CPU
		{AC0B54A1-6848-4520-B237-FCAA7E2F9AE8}.Debug|Any CPU.Build.0 = Debug|Any CPU
		{AC0B54A1-6848-4520-B237-FCAA7E2F9AE8}.Release|Any CPU.ActiveCfg = Release|Any CPU
		{AC0B54A1-6848-4520-B237-FCAA7E2F9AE8}.Release|Any CPU.Build.0 = Release|Any CPU
		{708C8790-4DD2-47D5-A012-10AA00D69517}.Debug|Any CPU.ActiveCfg = Debug|Any CPU
		{708C8790-4DD2-47D5-A012-10AA00D69517}.Debug|Any CPU.Build.0 = Debug|Any CPU
		{708C8790-4DD2-47D5-A012-10AA00D69517}.Release|Any CPU.ActiveCfg = Release|Any CPU
		{708C8790-4DD2-47D5-A012-10AA00D69517}.Release|Any CPU.Build.0 = Release|Any CPU
		{22495F39-CF20-4CC3-8A9D-0F52A038C8AD}.Debug|Any CPU.ActiveCfg = Debug|Any CPU
		{22495F39-CF20-4CC3-8A9D-0F52A038C8AD}.Debug|Any CPU.Build.0 = Debug|Any CPU
		{22495F39-CF20-4CC3-8A9D-0F52A038C8AD}.Release|Any CPU.ActiveCfg = Release|Any CPU
		{22495F39-CF20-4CC3-8A9D-0F52A038C8AD}.Release|Any CPU.Build.0 = Release|Any CPU
	EndGlobalSection
	GlobalSection(SolutionProperties) = preSolution
		HideSolutionNode = FALSE
	EndGlobalSection
	GlobalSection(ExtensibilityGlobals) = postSolution
		SolutionGuid = {90036ECD-72EB-4637-9BB6-2FECD882FADF}
	EndGlobalSection
EndGlobal
